
Microsoft Visual Studio Solution File, Format Version 12.00
# Visual Studio 15
Project("{FAE04EC0-301F-11D3-BF4B-00C04F79EFBC}") = "Assembly-CSharp", "Assembly-CSharp.csproj", "{2686BA80-330A-2A15-DE6E-46438A457852}"
EndProject
Project("{FAE04EC0-301F-11D3-BF4B-00C04F79EFBC}") = "PhotonVoice.API", "PhotonVoice.API.csproj", "{54841138-E529-56FB-D7F9-D6C4D0AF10FC}"
EndProject
Project("{FAE04EC0-301F-11D3-BF4B-00C04F79EFBC}") = "PlayFab", "PlayFab.csproj", "{A1C3783C-D9B7-B2FC-3520-FF7A02BDBA4D}"
EndProject
Project("{FAE04EC0-301F-11D3-BF4B-00C04F79EFBC}") = "PhotonVoice", "PhotonVoice.csproj", "{EA121AA1-ADC1-654B-89B1-5D89025361C5}"
EndProject
Project("{FAE04EC0-301F-11D3-BF4B-00C04F79EFBC}") = "PhotonUnityNetworking.Demos", "PhotonUnityNetworking.Demos.csproj", "{6143105A-70AC-B60E-1018-D2649AA3ED5A}"
EndProject
Project("{FAE04EC0-301F-11D3-BF4B-00C04F79EFBC}") = "PhotonRealtime", "PhotonRealtime.csproj", "{DFB48D09-03CD-E5B5-1E43-EB3DEDBF7282}"
EndProject
Project("{FAE04EC0-301F-11D3-BF4B-00C04F79EFBC}") = "RayFireAssembly", "RayFireAssembly.csproj", "{9B298D50-2862-6E45-8C20-B5A53D1CC350}"
EndProject
Project("{FAE04EC0-301F-11D3-BF4B-00C04F79EFBC}") = "PhotonUnityNetworking", "PhotonUnityNetworking.csproj", "{36F5F0A4-A90C-A255-E8EB-AA966DE8D7A9}"
EndProject
Project("{FAE04EC0-301F-11D3-BF4B-00C04F79EFBC}") = "Assembly-CSharp-firstpass", "Assembly-CSharp-firstpass.csproj", "{8CAFDD70-FD22-F900-7F9A-17B91CEEF20E}"
EndProject
Project("{FAE04EC0-301F-11D3-BF4B-00C04F79EFBC}") = "PhotonUnityNetworking.Utilities", "PhotonUnityNetworking.Utilities.csproj", "{31BF2274-0639-4ECA-15EF-9E6A1E7A186A}"
EndProject
Project("{FAE04EC0-301F-11D3-BF4B-00C04F79EFBC}") = "PhotonChat", "PhotonChat.csproj", "{45C8F059-7EC3-B389-A1C4-02A15113701F}"
EndProject
Project("{FAE04EC0-301F-11D3-BF4B-00C04F79EFBC}") = "PhotonVoice.PUN", "PhotonVoice.PUN.csproj", "{50D57A61-C0B3-1324-1513-2A415848AF1E}"
EndProject
Project("{FAE04EC0-301F-11D3-BF4B-00C04F79EFBC}") = "PhotonUnityNetworking.Editor", "PhotonUnityNetworking.Editor.csproj", "{5E65FEC6-0CE9-F9C2-D3C0-B348788FFA5F}"
EndProject
Project("{FAE04EC0-301F-11D3-BF4B-00C04F79EFBC}") = "Assembly-CSharp-Editor", "Assembly-CSharp-Editor.csproj", "{E4A1C38C-B105-7DD8-D2B3-1767504B7D4F}"
EndProject
Project("{FAE04EC0-301F-11D3-BF4B-00C04F79EFBC}") = "RayFireEditorAssembly", "RayFireEditorAssembly.csproj", "{398BE13B-121F-072F-078A-FED3853CE1F9}"
EndProject
Project("{FAE04EC0-301F-11D3-BF4B-00C04F79EFBC}") = "PhotonVoice.Editor", "PhotonVoice.Editor.csproj", "{3D3137A9-D32D-660B-DD8A-A74D2D26E32C}"
EndProject
Project("{FAE04EC0-301F-11D3-BF4B-00C04F79EFBC}") = "PlayFabEditorExtensions", "PlayFabEditorExtensions.csproj", "{31117868-01B8-EC90-4D70-2BE2B3F6136A}"
EndProject
Project("{FAE04EC0-301F-11D3-BF4B-00C04F79EFBC}") = "PhotonUnityNetworking.Utilities.PhotonPlayer.Editor", "PhotonUnityNetworking.Utilities.PhotonPlayer.Editor.csproj", "{9BBE22A1-ED1A-7F40-E810-DA502CE76C42}"
EndProject
Project("{FAE04EC0-301F-11D3-BF4B-00C04F79EFBC}") = "PunDemos.DemoSlotcarEditor", "PunDemos.DemoSlotcarEditor.csproj", "{A1B18769-16EA-0AF3-7E6B-74AFA5A094AA}"
EndProject
Project("{FAE04EC0-301F-11D3-BF4B-00C04F79EFBC}") = "PhotonUnityNetworking.Utilities.Culling.Editor", "PhotonUnityNetworking.Utilities.Culling.Editor.csproj", "{82012721-9168-30F5-9674-CD3FA203E4A8}"
EndProject
Project("{FAE04EC0-301F-11D3-BF4B-00C04F79EFBC}") = "PunDemos.DemoHubEditor", "PunDemos.DemoHubEditor.csproj", "{08F3F4B0-07B3-274F-462A-BBC487C6B8C8}"
EndProject
Project("{FAE04EC0-301F-11D3-BF4B-00C04F79EFBC}") = "PlayFabSDKEditor", "PlayFabSDKEditor.csproj", "{F85DE158-EAED-EF9F-03D1-20C3588A62F1}"
EndProject
Project("{FAE04EC0-301F-11D3-BF4B-00C04F79EFBC}") = "PhotonVoice.Utilities.Editor", "PhotonVoice.Utilities.Editor.csproj", "{A8863181-0D1F-CF65-8223-FA9CC6361D20}"
EndProject
Project("{FAE04EC0-301F-11D3-BF4B-00C04F79EFBC}") = "PhotonVoice.PUN.Editor", "PhotonVoice.PUN.Editor.csproj", "{81EA7BB7-02BA-2527-201F-06C0205F001A}"
EndProject
Global
	GlobalSection(SolutionConfigurationPlatforms) = preSolution
		Debug|Any CPU = Debug|Any CPU
		Release|Any CPU = Release|Any CPU
	EndGlobalSection
	GlobalSection(ProjectConfigurationPlatforms) = postSolution
		{2686BA80-330A-2A15-DE6E-46438A457852}.Debug|Any CPU.ActiveCfg = Debug|Any CPU
		{2686BA80-330A-2A15-DE6E-46438A457852}.Debug|Any CPU.Build.0 = Debug|Any CPU
		{2686BA80-330A-2A15-DE6E-46438A457852}.Release|Any CPU.ActiveCfg = Release|Any CPU
		{2686BA80-330A-2A15-DE6E-46438A457852}.Release|Any CPU.Build.0 = Release|Any CPU
		{54841138-E529-56FB-D7F9-D6C4D0AF10FC}.Debug|Any CPU.ActiveCfg = Debug|Any CPU
		{54841138-E529-56FB-D7F9-D6C4D0AF10FC}.Debug|Any CPU.Build.0 = Debug|Any CPU
		{54841138-E529-56FB-D7F9-D6C4D0AF10FC}.Release|Any CPU.ActiveCfg = Release|Any CPU
		{54841138-E529-56FB-D7F9-D6C4D0AF10FC}.Release|Any CPU.Build.0 = Release|Any CPU
		{A1C3783C-D9B7-B2FC-3520-FF7A02BDBA4D}.Debug|Any CPU.ActiveCfg = Debug|Any CPU
		{A1C3783C-D9B7-B2FC-3520-FF7A02BDBA4D}.Debug|Any CPU.Build.0 = Debug|Any CPU
		{A1C3783C-D9B7-B2FC-3520-FF7A02BDBA4D}.Release|Any CPU.ActiveCfg = Release|Any CPU
		{A1C3783C-D9B7-B2FC-3520-FF7A02BDBA4D}.Release|Any CPU.Build.0 = Release|Any CPU
		{EA121AA1-ADC1-654B-89B1-5D89025361C5}.Debug|Any CPU.ActiveCfg = Debug|Any CPU
		{EA121AA1-ADC1-654B-89B1-5D89025361C5}.Debug|Any CPU.Build.0 = Debug|Any CPU
		{EA121AA1-ADC1-654B-89B1-5D89025361C5}.Release|Any CPU.ActiveCfg = Release|Any CPU
		{EA121AA1-ADC1-654B-89B1-5D89025361C5}.Release|Any CPU.Build.0 = Release|Any CPU
		{6143105A-70AC-B60E-1018-D2649AA3ED5A}.Debug|Any CPU.ActiveCfg = Debug|Any CPU
		{6143105A-70AC-B60E-1018-D2649AA3ED5A}.Debug|Any CPU.Build.0 = Debug|Any CPU
		{6143105A-70AC-B60E-1018-D2649AA3ED5A}.Release|Any CPU.ActiveCfg = Release|Any CPU
		{6143105A-70AC-B60E-1018-D2649AA3ED5A}.Release|Any CPU.Build.0 = Release|Any CPU
		{DFB48D09-03CD-E5B5-1E43-EB3DEDBF7282}.Debug|Any CPU.ActiveCfg = Debug|Any CPU
		{DFB48D09-03CD-E5B5-1E43-EB3DEDBF7282}.Debug|Any CPU.Build.0 = Debug|Any CPU
		{DFB48D09-03CD-E5B5-1E43-EB3DEDBF7282}.Release|Any CPU.ActiveCfg = Release|Any CPU
		{DFB48D09-03CD-E5B5-1E43-EB3DEDBF7282}.Release|Any CPU.Build.0 = Release|Any CPU
		{9B298D50-2862-6E45-8C20-B5A53D1CC350}.Debug|Any CPU.ActiveCfg = Debug|Any CPU
		{9B298D50-2862-6E45-8C20-B5A53D1CC350}.Debug|Any CPU.Build.0 = Debug|Any CPU
		{9B298D50-2862-6E45-8C20-B5A53D1CC350}.Release|Any CPU.ActiveCfg = Release|Any CPU
		{9B298D50-2862-6E45-8C20-B5A53D1CC350}.Release|Any CPU.Build.0 = Release|Any CPU
		{36F5F0A4-A90C-A255-E8EB-AA966DE8D7A9}.Debug|Any CPU.ActiveCfg = Debug|Any CPU
		{36F5F0A4-A90C-A255-E8EB-AA966DE8D7A9}.Debug|Any CPU.Build.0 = Debug|Any CPU
		{36F5F0A4-A90C-A255-E8EB-AA966DE8D7A9}.Release|Any CPU.ActiveCfg = Release|Any CPU
		{36F5F0A4-A90C-A255-E8EB-AA966DE8D7A9}.Release|Any CPU.Build.0 = Release|Any CPU
		{8CAFDD70-FD22-F900-7F9A-17B91CEEF20E}.Debug|Any CPU.ActiveCfg = Debug|Any CPU
		{8CAFDD70-FD22-F900-7F9A-17B91CEEF20E}.Debug|Any CPU.Build.0 = Debug|Any CPU
		{8CAFDD70-FD22-F900-7F9A-17B91CEEF20E}.Release|Any CPU.ActiveCfg = Release|Any CPU
		{8CAFDD70-FD22-F900-7F9A-17B91CEEF20E}.Release|Any CPU.Build.0 = Release|Any CPU
		{31BF2274-0639-4ECA-15EF-9E6A1E7A186A}.Debug|Any CPU.ActiveCfg = Debug|Any CPU
		{31BF2274-0639-4ECA-15EF-9E6A1E7A186A}.Debug|Any CPU.Build.0 = Debug|Any CPU
		{31BF2274-0639-4ECA-15EF-9E6A1E7A186A}.Release|Any CPU.ActiveCfg = Release|Any CPU
		{31BF2274-0639-4ECA-15EF-9E6A1E7A186A}.Release|Any CPU.Build.0 = Release|Any CPU
		{45C8F059-7EC3-B389-A1C4-02A15113701F}.Debug|Any CPU.ActiveCfg = Debug|Any CPU
		{45C8F059-7EC3-B389-A1C4-02A15113701F}.Debug|Any CPU.Build.0 = Debug|Any CPU
		{45C8F059-7EC3-B389-A1C4-02A15113701F}.Release|Any CPU.ActiveCfg = Release|Any CPU
		{45C8F059-7EC3-B389-A1C4-02A15113701F}.Release|Any CPU.Build.0 = Release|Any CPU
		{50D57A61-C0B3-1324-1513-2A415848AF1E}.Debug|Any CPU.ActiveCfg = Debug|Any CPU
		{50D57A61-C0B3-1324-1513-2A415848AF1E}.Debug|Any CPU.Build.0 = Debug|Any CPU
		{50D57A61-C0B3-1324-1513-2A415848AF1E}.Release|Any CPU.ActiveCfg = Release|Any CPU
		{50D57A61-C0B3-1324-1513-2A415848AF1E}.Release|Any CPU.Build.0 = Release|Any CPU
		{5E65FEC6-0CE9-F9C2-D3C0-B348788FFA5F}.Debug|Any CPU.ActiveCfg = Debug|Any CPU
		{5E65FEC6-0CE9-F9C2-D3C0-B348788FFA5F}.Debug|Any CPU.Build.0 = Debug|Any CPU
		{5E65FEC6-0CE9-F9C2-D3C0-B348788FFA5F}.Release|Any CPU.ActiveCfg = Release|Any CPU
		{5E65FEC6-0CE9-F9C2-D3C0-B348788FFA5F}.Release|Any CPU.Build.0 = Release|Any CPU
		{E4A1C38C-B105-7DD8-D2B3-1767504B7D4F}.Debug|Any CPU.ActiveCfg = Debug|Any CPU
		{E4A1C38C-B105-7DD8-D2B3-1767504B7D4F}.Debug|Any CPU.Build.0 = Debug|Any CPU
		{E4A1C38C-B105-7DD8-D2B3-1767504B7D4F}.Release|Any CPU.ActiveCfg = Release|Any CPU
		{E4A1C38C-B105-7DD8-D2B3-1767504B7D4F}.Release|Any CPU.Build.0 = Release|Any CPU
		{398BE13B-121F-072F-078A-FED3853CE1F9}.Debug|Any CPU.ActiveCfg = Debug|Any CPU
		{398BE13B-121F-072F-078A-FED3853CE1F9}.Debug|Any CPU.Build.0 = Debug|Any CPU
		{398BE13B-121F-072F-078A-FED3853CE1F9}.Release|Any CPU.ActiveCfg = Release|Any CPU
		{398BE13B-121F-072F-078A-FED3853CE1F9}.Release|Any CPU.Build.0 = Release|Any CPU
		{3D3137A9-D32D-660B-DD8A-A74D2D26E32C}.Debug|Any CPU.ActiveCfg = Debug|Any CPU
		{3D3137A9-D32D-660B-DD8A-A74D2D26E32C}.Debug|Any CPU.Build.0 = Debug|Any CPU
		{3D3137A9-D32D-660B-DD8A-A74D2D26E32C}.Release|Any CPU.ActiveCfg = Release|Any CPU
		{3D3137A9-D32D-660B-DD8A-A74D2D26E32C}.Release|Any CPU.Build.0 = Release|Any CPU
		{31117868-01B8-EC90-4D70-2BE2B3F6136A}.Debug|Any CPU.ActiveCfg = Debug|Any CPU
		{31117868-01B8-EC90-4D70-2BE2B3F6136A}.Debug|Any CPU.Build.0 = Debug|Any CPU
		{31117868-01B8-EC90-4D70-2BE2B3F6136A}.Release|Any CPU.ActiveCfg = Release|Any CPU
		{31117868-01B8-EC90-4D70-2BE2B3F6136A}.Release|Any CPU.Build.0 = Release|Any CPU
		{9BBE22A1-ED1A-7F40-E810-DA502CE76C42}.Debug|Any CPU.ActiveCfg = Debug|Any CPU
		{9BBE22A1-ED1A-7F40-E810-DA502CE76C42}.Debug|Any CPU.Build.0 = Debug|Any CPU
		{9BBE22A1-ED1A-7F40-E810-DA502CE76C42}.Release|Any CPU.ActiveCfg = Release|Any CPU
		{9BBE22A1-ED1A-7F40-E810-DA502CE76C42}.Release|Any CPU.Build.0 = Release|Any CPU
		{A1B18769-16EA-0AF3-7E6B-74AFA5A094AA}.Debug|Any CPU.ActiveCfg = Debug|Any CPU
		{A1B18769-16EA-0AF3-7E6B-74AFA5A094AA}.Debug|Any CPU.Build.0 = Debug|Any CPU
		{A1B18769-16EA-0AF3-7E6B-74AFA5A094AA}.Release|Any CPU.ActiveCfg = Release|Any CPU
		{A1B18769-16EA-0AF3-7E6B-74AFA5A094AA}.Release|Any CPU.Build.0 = Release|Any CPU
		{82012721-9168-30F5-9674-CD3FA203E4A8}.Debug|Any CPU.ActiveCfg = Debug|Any CPU
		{82012721-9168-30F5-9674-CD3FA203E4A8}.Debug|Any CPU.Build.0 = Debug|Any CPU
		{82012721-9168-30F5-9674-CD3FA203E4A8}.Release|Any CPU.ActiveCfg = Release|Any CPU
		{82012721-9168-30F5-9674-CD3FA203E4A8}.Release|Any CPU.Build.0 = Release|Any CPU
		{08F3F4B0-07B3-274F-462A-BBC487C6B8C8}.Debug|Any CPU.ActiveCfg = Debug|Any CPU
		{08F3F4B0-07B3-274F-462A-BBC487C6B8C8}.Debug|Any CPU.Build.0 = Debug|Any CPU
		{08F3F4B0-07B3-274F-462A-BBC487C6B8C8}.Release|Any CPU.ActiveCfg = Release|Any CPU
		{08F3F4B0-07B3-274F-462A-BBC487C6B8C8}.Release|Any CPU.Build.0 = Release|Any CPU
		{F85DE158-EAED-EF9F-03D1-20C3588A62F1}.Debug|Any CPU.ActiveCfg = Debug|Any CPU
		{F85DE158-EAED-EF9F-03D1-20C3588A62F1}.Debug|Any CPU.Build.0 = Debug|Any CPU
		{F85DE158-EAED-EF9F-03D1-20C3588A62F1}.Release|Any CPU.ActiveCfg = Release|Any CPU
		{F85DE158-EAED-EF9F-03D1-20C3588A62F1}.Release|Any CPU.Build.0 = Release|Any CPU
		{A8863181-0D1F-CF65-8223-FA9CC6361D20}.Debug|Any CPU.ActiveCfg = Debug|Any CPU
		{A8863181-0D1F-CF65-8223-FA9CC6361D20}.Debug|Any CPU.Build.0 = Debug|Any CPU
		{A8863181-0D1F-CF65-8223-FA9CC6361D20}.Release|Any CPU.ActiveCfg = Release|Any CPU
		{A8863181-0D1F-CF65-8223-FA9CC6361D20}.Release|Any CPU.Build.0 = Release|Any CPU
		{81EA7BB7-02BA-2527-201F-06C0205F001A}.Debug|Any CPU.ActiveCfg = Debug|Any CPU
		{81EA7BB7-02BA-2527-201F-06C0205F001A}.Debug|Any CPU.Build.0 = Debug|Any CPU
		{81EA7BB7-02BA-2527-201F-06C0205F001A}.Release|Any CPU.ActiveCfg = Release|Any CPU
		{81EA7BB7-02BA-2527-201F-06C0205F001A}.Release|Any CPU.Build.0 = Release|Any CPU
	EndGlobalSection
	GlobalSection(SolutionProperties) = preSolution
		HideSolutionNode = FALSE
	EndGlobalSection
EndGlobal
